
Microsoft Visual Studio Solution File, Format Version 12.00
# Visual Studio 15
VisualStudioVersion = 15.0.28307.329
MinimumVisualStudioVersion = 10.0.40219.1
Project("{FAE04EC0-301F-11D3-BF4B-00C04F79EFBC}") = "SchoolCreditManager", "CreditManager\SchoolCreditManager.csproj", "{E8D32B68-601F-4076-B438-447842D0A640}"
EndProject
Project("{FAE04EC0-301F-11D3-BF4B-00C04F79EFBC}") = "ClassLibrary", "ClassLibrary1\ClassLibrary.csproj", "{1C3B858E-8D5D-4082-90A5-726F77C71E1E}"
EndProject
Global
	GlobalSection(SolutionConfigurationPlatforms) = preSolution
		Debug|Any CPU = Debug|Any CPU
		Release|Any CPU = Release|Any CPU
	EndGlobalSection
	GlobalSection(ProjectConfigurationPlatforms) = postSolution
		{E8D32B68-601F-4076-B438-447842D0A640}.Debug|Any CPU.ActiveCfg = Debug|Any CPU
		{E8D32B68-601F-4076-B438-447842D0A640}.Debug|Any CPU.Build.0 = Debug|Any CPU
		{E8D32B68-601F-4076-B438-447842D0A640}.Release|Any CPU.ActiveCfg = Release|Any CPU
		{E8D32B68-601F-4076-B438-447842D0A640}.Release|Any CPU.Build.0 = Release|Any CPU
		{1C3B858E-8D5D-4082-90A5-726F77C71E1E}.Debug|Any CPU.ActiveCfg = Debug|Any CPU
		{1C3B858E-8D5D-4082-90A5-726F77C71E1E}.Debug|Any CPU.Build.0 = Debug|Any CPU
		{1C3B858E-8D5D-4082-90A5-726F77C71E1E}.Release|Any CPU.ActiveCfg = Release|Any CPU
		{1C3B858E-8D5D-4082-90A5-726F77C71E1E}.Release|Any CPU.Build.0 = Release|Any CPU
	EndGlobalSection
	GlobalSection(SolutionProperties) = preSolution
		HideSolutionNode = FALSE
	EndGlobalSection
	GlobalSection(ExtensibilityGlobals) = postSolution
		SolutionGuid = {6E79C94F-A5FD-4C3C-B2D6-782DBFBC6853}
	EndGlobalSection
EndGlobal
